
Microsoft Visual Studio Solution File, Format Version 12.00
# Visual Studio Version 16
VisualStudioVersion = 16.0.29318.209
MinimumVisualStudioVersion = 10.0.40219.1
Project("{FAE04EC0-301F-11D3-BF4B-00C04F79EFBC}") = "Financial Suite", "Financial Suite\Financial Suite.csproj", "{B963D8DB-FD9C-4A2C-BA58-04D049AB3BB4}"
EndProject
Global
	GlobalSection(SolutionConfigurationPlatforms) = preSolution
		Debug|Any CPU = Debug|Any CPU
		Release|Any CPU = Release|Any CPU
	EndGlobalSection
	GlobalSection(ProjectConfigurationPlatforms) = postSolution
		{B963D8DB-FD9C-4A2C-BA58-04D049AB3BB4}.Debug|Any CPU.ActiveCfg = Debug|Any CPU
		{B963D8DB-FD9C-4A2C-BA58-04D049AB3BB4}.Debug|Any CPU.Build.0 = Debug|Any CPU
		{B963D8DB-FD9C-4A2C-BA58-04D049AB3BB4}.Release|Any CPU.ActiveCfg = Release|Any CPU
		{B963D8DB-FD9C-4A2C-BA58-04D049AB3BB4}.Release|Any CPU.Build.0 = Release|Any CPU
	EndGlobalSection
	GlobalSection(SolutionProperties) = preSolution
		HideSolutionNode = FALSE
	EndGlobalSection
	GlobalSection(ExtensibilityGlobals) = postSolution
		SolutionGuid = {37930FE7-DEE4-4180-80B7-C04B6B2FAA5B}
	EndGlobalSection
EndGlobal
